
Microsoft Visual Studio Solution File, Format Version 9.00
# Visual Studio 2005
Project("{8BC9CEB8-8B4A-11D0-8D11-00A0C91BC942}") = "sync", "src\sync.vcproj", "{5869F4AF-B92B-4EB8-80E6-B1B82472B2D2}"
EndProject
Global
	GlobalSection(SolutionConfigurationPlatforms) = preSolution
		Debug|Win32 = Debug|Win32
		Debug|x64 = Debug|x64
		Release_MT|Win32 = Release_MT|Win32
		Release_MT|x64 = Release_MT|x64
		Release|Win32 = Release|Win32
		Release|x64 = Release|x64
	EndGlobalSection
	GlobalSection(ProjectConfigurationPlatforms) = postSolution
		{5869F4AF-B92B-4EB8-80E6-B1B82472B2D2}.Debug|Win32.ActiveCfg = Debug|Win32
		{5869F4AF-B92B-4EB8-80E6-B1B82472B2D2}.Debug|Win32.Build.0 = Debug|Win32
		{5869F4AF-B92B-4EB8-80E6-B1B82472B2D2}.Debug|x64.ActiveCfg = Debug|x64
		{5869F4AF-B92B-4EB8-80E6-B1B82472B2D2}.Debug|x64.Build.0 = Debug|x64
		{5869F4AF-B92B-4EB8-80E6-B1B82472B2D2}.Release_MT|Win32.ActiveCfg = Release_MT|Win32
		{5869F4AF-B92B-4EB8-80E6-B1B82472B2D2}.Release_MT|Win32.Build.0 = Release_MT|Win32
		{5869F4AF-B92B-4EB8-80E6-B1B82472B2D2}.Release_MT|x64.ActiveCfg = Release_MT|x64
		{5869F4AF-B92B-4EB8-80E6-B1B82472B2D2}.Release_MT|x64.Build.0 = Release_MT|x64
		{5869F4AF-B92B-4EB8-80E6-B1B82472B2D2}.Release|Win32.ActiveCfg = Release|Win32
		{5869F4AF-B92B-4EB8-80E6-B1B82472B2D2}.Release|Win32.Build.0 = Release|Win32
		{5869F4AF-B92B-4EB8-80E6-B1B82472B2D2}.Release|x64.ActiveCfg = Release|x64
		{5869F4AF-B92B-4EB8-80E6-B1B82472B2D2}.Release|x64.Build.0 = Release|x64
	EndGlobalSection
	GlobalSection(SolutionProperties) = preSolution
		HideSolutionNode = FALSE
	EndGlobalSection
EndGlobal
